{"1.1.0",
[{<<"backoff">>,{pkg,<<"backoff">>,<<"1.1.6">>},2},
 {<<"base32">>,{pkg,<<"base32">>,<<"0.1.0">>},4},
 {<<"base64url">>,{pkg,<<"base64url">>,<<"1.0.1">>},1},
 {<<"blockchain">>,
  {git,"https://github.com/helium/blockchain-core.git",
       {ref,"9011de7537ecfd737074b85b7b16e7d8e1ceef00"}},
  0},
 {<<"clique">>,
  {git,"https://github.com/helium/clique.git",
       {ref,"e4be0dae150061bec080502ed530091672880867"}},
  1},
 {<<"cuttlefish">>,
  {git,"https://github.com/helium/cuttlefish.git",
       {ref,"8672838e8f4ef61602aee6e4ff97ec9be54031dc"}},
  2},
 {<<"dkg">>,
  {git,"https://github.com/helium/erlang-dkg.git",
       {ref,"0260f48215f7b97faa8549b89bc728650fa85d90"}},
  0},
 {<<"e2qc">>,
  {git,"https://github.com/helium/e2qc",
       {ref,"deb789c01ea4bc070666e29a1a6fdba361c8d54a"}},
  1},
 {<<"ebus">>,
  {git,"https://github.com/helium/ebus.git",
       {ref,"e10cee3aa66705d05c38412245c5c78c956e8fd2"}},
  0},
 {<<"ecc508">>,
  {git,"https://github.com/helium/ecc508.git",
       {ref,"c089c1591a6a0bc9a393e1cefceadb0b19ee8c59"}},
  0},
 {<<"ecc_compact">>,{pkg,<<"ecc_compact">>,<<"1.0.5">>},3},
 {<<"enacl">>,{pkg,<<"enacl">>,<<"1.1.1">>},3},
 {<<"erasure">>,
  {git,"https://github.com/helium/erlang-erasure.git",
       {ref,"c73354ca9914225a825569693dc72db6691d91f1"}},
  1},
 {<<"erbloom">>,
  {git,"https://github.com/Vagabond/erbloom",
       {ref,"a1768fa6a63e979017fe94ee86a86164e3c21d88"}},
  1},
 {<<"erl_angry_purple_tiger">>,
  {git,"https://github.com/helium/erl_angry_purple_tiger.git",
       {ref,"c5476b6639314a75a99400c9dfa7603b24a6d18a"}},
  1},
 {<<"erl_base58">>,{pkg,<<"erl_base58">>,<<"0.0.1">>},1},
 {<<"erlang_ale">>,
  {git,"https://github.com/helium/erlang_ale",
       {ref,"07e10e656693f07a0d577f3651e76e52680c3768"}},
  1},
 {<<"erlang_pbc">>,
  {git,"https://github.com/helium/erlang_pbc.git",
       {ref,"1d2651ba01ba81b748c553d9f729c0e167eeab72"}},
  1},
 {<<"erlang_stats">>,
  {git,"https://github.com/helium/erlang-stats.git",
       {ref,"6afc9a78682d367c9312c64e9f0a5bc5477f2cd8"}},
  1},
 {<<"erlang_tpke">>,
  {git,"https://github.com/helium/erlang_tpke.git",
       {ref,"0d9f8c5b30c10c73727402465963e6a33e680a56"}},
  1},
 {<<"exor_filter">>,
  {git,"https://github.com/mpope9/exor_filter",
       {ref,"8f875bc5abc838af9ddbf6e7d2af8cc735ad2810"}},
  1},
 {<<"getopt">>,{pkg,<<"getopt">>,<<"1.0.1">>},3},
 {<<"goldrush">>,{pkg,<<"goldrush">>,<<"0.1.9">>},2},
 {<<"h3">>,
  {git,"https://github.com/helium/erlang-h3.git",
       {ref,"cdc3a10fb5ad79e1ba01893bebcd28d6944851f1"}},
  1},
 {<<"hbbft">>,
  {git,"https://github.com/helium/erlang-hbbft.git",
       {ref,"8d3d73ca998d0b45d119ffbc30c89bc1d860b9a2"}},
  0},
 {<<"helium_proto">>,
  {git,"https://github.com/helium/proto.git",
       {ref,"456591707ec9061776819ffba45de4940acae956"}},
  1},
 {<<"inert">>,{pkg,<<"inert">>,<<"1.0.1">>},3},
 {<<"inet_cidr">>,{pkg,<<"erl_cidr">>,<<"1.0.2">>},3},
 {<<"inet_ext">>,
  {git,"https://github.com/benoitc/inet_ext",
       {ref,"e30b65d32711a4b7033fd4ac9b33b3c1c8be8bed"}},
  2},
 {<<"intercept">>,{pkg,<<"intercept">>,<<"1.0.0">>},3},
 {<<"jsx">>,
  {git,"https://github.com/talentdeficit/jsx.git",
       {ref,"3074d4865b3385a050badf7828ad31490d860df5"}},
  0},
 {<<"kvc">>,
  {git,"https://github.com/etrepum/kvc",
       {ref,"5f482a8db330c4dcb2d456b6135c740b8ff7eebb"}},
  0},
 {<<"lager">>,
  {git,"https://github.com/erlang-lager/lager.git",
       {ref,"91575d4479c897451edf138c10fa86c3125ec52e"}},
  1},
 {<<"libp2p">>,
  {git,"https://github.com/helium/erlang-libp2p.git",
       {ref,"d587854c8a1f093576bbd05ab4616bcc2693e600"}},
  1},
 {<<"libp2p_crypto">>,{pkg,<<"libp2p_crypto">>,<<"1.3.4">>},2},
 {<<"longfi">>,
  {git,"https://github.com/helium/longfi-erlang",
       {ref,"af47a584ebfe695d968bc46592b8145679288a8d"}},
  0},
 {<<"merkerl">>,
  {git,"https://github.com/helium/merkerl.git",
       {ref,"26ddcaf7f3c2c76eebf6f9258822f923ce69cb75"}},
  1},
 {<<"multiaddr">>,{pkg,<<"multiaddr">>,<<"1.1.3">>},3},
 {<<"nat">>,
  {git,"https://github.com/benoitc/erlang-nat",
       {ref,"529802a3e5bbabd8e70f027217cb12c4c930ee5d"}},
  2},
 {<<"procket">>,{pkg,<<"procket">>,<<"0.9.4">>},3},
 {<<"ranch">>,{pkg,<<"ranch">>,<<"1.5.0">>},2},
 {<<"rand_compat">>,{pkg,<<"rand_compat">>,<<"0.0.3">>},3},
 {<<"recon">>,{pkg,<<"recon">>,<<"2.5.1">>},0},
 {<<"relcast">>,
  {git,"https://github.com/helium/relcast.git",
       {ref,"1df12fdbfaf416eaeee2ae0bb55065cc380a2523"}},
  2},
 {<<"rocksdb">>,
  {git,"https://gitlab.com/Vagabond1/erlang-rocksdb",
       {ref,"12be329266b9fe24371dadef091921bfefa23c30"}},
  3},
 {<<"small_ints">>,{pkg,<<"small_ints">>,<<"0.1.0">>},4},
 {<<"splicer">>,{pkg,<<"splicer">>,<<"0.5.2">>},2},
 {<<"throttle">>,{pkg,<<"lambda_throttle">>,<<"0.2.0">>},2},
 {<<"vincenty">>,
  {git,"https://github.com/helium/vincenty",
       {ref,"b2b13fea367599d918359a2ac0071beefcd8e1b3"}},
  1},
 {<<"xxhash">>,
  {git,"https://github.com/pierreis/erlang-xxhash",
       {ref,"5d222dcb54c9dd8247d4429174126ebda52b0e2d"}},
  1}]}.
[
{pkg_hash,[
 {<<"backoff">>, <<"83B72ED2108BA1EE8F7D1C22E0B4A00CFE3593A67DBC792799E8CCE9F42F796B">>},
 {<<"base32">>, <<"044F6DC95709727CA2176F3E97A41DDAA76B5BC690D3536908618C0CB32616A2">>},
 {<<"base64url">>, <<"F8C7F2DA04CA9A5D0F5F50258F055E1D699F0E8BF4CFDB30B750865368403CF6">>},
 {<<"ecc_compact">>, <<"C9696FF16A1D721F2DC8CCD760440B8F45586522974C5C7BD88640822E08AACA">>},
 {<<"enacl">>, <<"F65DC64D9BFF2D8A534CB77AEF14DA5E7A2FA148987D87856F79A4745C9C2627">>},
 {<<"erl_base58">>, <<"37710854461D71DF338E73C65776302DB41C4BAB4674D2EC134ED7BCFC7B5552">>},
 {<<"getopt">>, <<"C73A9FA687B217F2FF79F68A3B637711BB1936E712B521D8CE466B29CBF7808A">>},
 {<<"goldrush">>, <<"F06E5D5F1277DA5C413E84D5A2924174182FB108DABB39D5EC548B27424CD106">>},
 {<<"inert">>, <<"E5C7568C5EF0C6103FEDB1CBDB29F32D701985E3588E1FAC37AEBA96671BA11B">>},
 {<<"inet_cidr">>, <<"4814A5B78B969A5E069B0CECBB102622AB0C459B690053ED94543CD529915A43">>},
 {<<"intercept">>, <<"1F6C725E6FC070720643BD4D97EE53B1209365C80E520E1F5A1ACB36712A7EB5">>},
 {<<"libp2p_crypto">>, <<"CB223150945FBE6388B7AB9E46BB47DC189AD2757DCD2B87CEDBFDD5E79B212E">>},
 {<<"multiaddr">>, <<"978E58E28F6FACAF428C87AF933612B1E2F3F2775F1794EDA5E831A4EACD2984">>},
 {<<"procket">>, <<"1FC0D557ACC0145DD167C566C68F83B183E923016904DFE980534B3C9150E92B">>},
 {<<"ranch">>, <<"F04166F456790FEE2AC1AA05A02745CC75783C2BFB26D39FAF6AEFC9A3D3A58A">>},
 {<<"rand_compat">>, <<"011646BC1F0B0C432FE101B816F25B9BBB74A085713CEE1DAFD2D62E9415EAD3">>},
 {<<"recon">>, <<"430FFA60685AC1EFDFB1FE4C97B8767C92D0D92E6E7C3E8621559BA77598678A">>},
 {<<"small_ints">>, <<"82A824C8794A2DDC73CB5CD00EAD11331DB296521AD16A619C13D668572B868A">>},
 {<<"splicer">>, <<"4958B9D41C8E3DEB0F906804BB6D963C32AE277674951D5D95C809A9E19AFE89">>},
 {<<"throttle">>, <<"E881B46D9836AFB70F3E2FA3BE9B0140805BA324ED26AA734FF6C5C1568C6CA7">>}]}
].
