{"1.1.0",
[{<<"backoff">>,{pkg,<<"backoff">>,<<"1.1.6">>},1},
 {<<"base32">>,{pkg,<<"base32">>,<<"0.1.0">>},2},
 {<<"bitcask">>,
  {git,"https://github.com/helium/bitcask",
       {ref,"d08cc8eedafefe4659b3be0ff8a256e70b72a6ec"}},
  1},
 {<<"blockchain">>,
  {git,"git@github.com:helium/blockchain-core.git",
       {ref,"73cea724e33b9b934fc4e05c927ce64c199d4833"}},
  0},
 {<<"clique">>,
  {git,"https://github.com/helium/clique.git",
       {ref,"49c51c6d70e702d4d43d97306a4a5cbc3adf1d9d"}},
  1},
 {<<"cuttlefish">>,
  {git,"https://github.com/helium/cuttlefish",
       {ref,"8672838e8f4ef61602aee6e4ff97ec9be54031dc"}},
  1},
 {<<"dkg">>,
  {git,"https://github.com/helium/erlang-dkg.git",
       {ref,"aabf6774ff5f37495d74cde1980fae97875f5de8"}},
  0},
 {<<"ecc_compact">>,{pkg,<<"ecc_compact">>,<<"1.0.2">>},1},
 {<<"erasure">>,
  {git,"https://github.com/helium/erlang-erasure.git",
       {ref,"2289eda4ee6f0842158f8603a2f8a2995aa0034c"}},
  1},
 {<<"erl_base58">>,{pkg,<<"erl_base58">>,<<"0.0.1">>},1},
 {<<"erlang_ale">>,
  {git,"https://github.com/helium/erlang_ale",
       {ref,"7446b2df79411992e8efc34325e35437dcf536c1"}},
  1},
 {<<"erlang_pbc">>,
  {git,"https://github.com/helium/erlang_pbc.git",
       {ref,"73813448f48dea7f45e023f675a24255ebcdec11"}},
  1},
 {<<"erlang_tpke">>,
  {git,"https://github.com/helium/erlang_tpke.git",
       {ref,"e67edb7b9a1338634e9a8b38db315a3430e1ebf2"}},
  1},
 {<<"getopt">>,{pkg,<<"getopt">>,<<"1.0.1">>},2},
 {<<"goldrush">>,{pkg,<<"goldrush">>,<<"0.1.9">>},2},
 {<<"gpb">>,{pkg,<<"gpb">>,<<"4.2.1">>},1},
 {<<"h3">>,
  {git,"https://github.com/helium/erlang-h3.git",
       {ref,"a8d1e104035228f141cdf5d3f9743f2e55bf6d28"}},
  0},
 {<<"hbbft">>,
  {git,"https://github.com/helium/erlang-hbbft.git",
       {ref,"8c35423dd3ee8932ebc44d2b2561fa7ca645ffa3"}},
  0},
 {<<"inert">>,
  {git,"https://github.com/msantos/inert",
       {ref,"c62d54bfbfa075be3c4a2785c22b571ff5b63a52"}},
  1},
 {<<"inet_cidr">>,{pkg,<<"erl_cidr">>,<<"1.0.2">>},2},
 {<<"inet_ext">>,
  {git,"https://github.com/benoitc/inet_ext",
       {ref,"56f125e6c6c66e9270c37f46ffae7c780a1c9c20"}},
  1},
 {<<"intercept">>,{pkg,<<"intercept">>,<<"1.0.0">>},2},
 {<<"lager">>,{pkg,<<"lager">>,<<"3.6.7">>},1},
 {<<"libp2p">>,
  {git,"https://github.com/helium/erlang-libp2p.git",
       {ref,"e56233ad2feac75932b0407756a4cf0b27ed7363"}},
  0},
 {<<"merkerl">>,{pkg,<<"merkerl">>,<<"1.0.1">>},1},
 {<<"multiaddr">>,{pkg,<<"multiaddr">>,<<"1.1.3">>},1},
 {<<"nat">>,{pkg,<<"nat">>,<<"0.3.0">>},1},
 {<<"procket">>,
  {git,"https://github.com/msantos/procket.git",
       {ref,"41e93841c519e37496a5e0f63a3761b36eec9a6a"}},
  2},
 {<<"ranch">>,{pkg,<<"ranch">>,<<"1.5.0">>},1},
 {<<"rand_compat">>,{pkg,<<"rand_compat">>,<<"0.0.3">>},2},
 {<<"relcast">>,
  {git,"https://github.com/helium/relcast.git",
       {ref,"ddcb973e814dacabf82549765f55d0fca314db04"}},
  1},
 {<<"rocksdb">>,{pkg,<<"rocksdb">>,<<"0.23.3">>},2},
 {<<"serial">>,
  {git,"https://github.com/Vagabond/erlang-serial",
       {ref,"d9e44d1b89a6c3de092cb2f7f04b01efc27a4209"}},
  1},
 {<<"small_ints">>,{pkg,<<"small_ints">>,<<"0.1.0">>},2},
 {<<"splicer">>,
  {git,"https://github.com/helium/erlang-splicer.git",
       {ref,"3a2efb988162fd6ab400ad4183ddc4eac6e6b6e4"}},
  1},
 {<<"stacktrace_compat">>,{pkg,<<"stacktrace_compat">>,<<"1.0.0">>},2},
 {<<"ubx">>,
  {git,"https://github.com/helium/erlang-ubx.git",
       {ref,"ce78a00b3c9741a3cf4bbc09721bace5c3a3eed1"}},
  0}]}.
[
{pkg_hash,[
 {<<"backoff">>, <<"83B72ED2108BA1EE8F7D1C22E0B4A00CFE3593A67DBC792799E8CCE9F42F796B">>},
 {<<"base32">>, <<"044F6DC95709727CA2176F3E97A41DDAA76B5BC690D3536908618C0CB32616A2">>},
 {<<"ecc_compact">>, <<"E0798DA70DB6C79528C5E33A9E282E23076D879FB03C1B1681C6E3F56EC786CE">>},
 {<<"erl_base58">>, <<"37710854461D71DF338E73C65776302DB41C4BAB4674D2EC134ED7BCFC7B5552">>},
 {<<"getopt">>, <<"C73A9FA687B217F2FF79F68A3B637711BB1936E712B521D8CE466B29CBF7808A">>},
 {<<"goldrush">>, <<"F06E5D5F1277DA5C413E84D5A2924174182FB108DABB39D5EC548B27424CD106">>},
 {<<"gpb">>, <<"3AE57FDFA1B78C155EA27D86886EB248002180C447D8B450D276A908DA272509">>},
 {<<"inet_cidr">>, <<"4814A5B78B969A5E069B0CECBB102622AB0C459B690053ED94543CD529915A43">>},
 {<<"intercept">>, <<"1F6C725E6FC070720643BD4D97EE53B1209365C80E520E1F5A1ACB36712A7EB5">>},
 {<<"lager">>, <<"2FBF823944CAA0FC10DF5EC13F3F047524A249BB32F0D801B7900C9610264286">>},
 {<<"merkerl">>, <<"FFFA7591CB3C62E837533A1C71B3C3795194FC3E09541E25369F1C87AF38EFE1">>},
 {<<"multiaddr">>, <<"978E58E28F6FACAF428C87AF933612B1E2F3F2775F1794EDA5E831A4EACD2984">>},
 {<<"nat">>, <<"8E6A86D5A4419CBCE4C6E6A48EA77A106CE2598A04CDC5820D2840E9DBDFF04E">>},
 {<<"ranch">>, <<"F04166F456790FEE2AC1AA05A02745CC75783C2BFB26D39FAF6AEFC9A3D3A58A">>},
 {<<"rand_compat">>, <<"011646BC1F0B0C432FE101B816F25B9BBB74A085713CEE1DAFD2D62E9415EAD3">>},
 {<<"rocksdb">>, <<"1E088C3870265D4C037C4CA274C4153DAE739CE48D3C6536230C6B22226FF44E">>},
 {<<"small_ints">>, <<"82A824C8794A2DDC73CB5CD00EAD11331DB296521AD16A619C13D668572B868A">>},
 {<<"stacktrace_compat">>, <<"78E13E0747FABC71DC725A49A4CBDDE54CEC1E9ED13BD80C1D35AC37182E1FA0">>}]}
].
