{"1.2.0",
[{<<"acceptor_pool">>,{pkg,<<"acceptor_pool">>,<<"1.0.0">>},2},
 {<<"backoff">>,{pkg,<<"backoff">>,<<"1.1.6">>},2},
 {<<"base32">>,{pkg,<<"base32">>,<<"0.1.0">>},4},
 {<<"base64url">>,{pkg,<<"base64url">>,<<"1.0.1">>},1},
 {<<"blockchain">>,
  {git,"https://github.com/helium/blockchain-core.git",
       {ref,"108be1ea7bb3b454588fac86b15490414b576d68"}},
  0},
 {<<"chatterbox">>,
  {git,"https://github.com/andymck/chatterbox",
       {ref,"b56a2a08b8a31b7ab0d536e5e8a55d5abe70390f"}},
  2},
 {<<"clique">>,
  {git,"https://github.com/helium/clique.git",
       {ref,"e4be0dae150061bec080502ed530091672880867"}},
  1},
 {<<"cowlib">>,
  {git,"https://github.com/ninenines/cowlib",
       {ref,"0f5c2f8922c89c58f51696cce690245cbdc5f327"}},
  3},
 {<<"ctx">>,{pkg,<<"ctx">>,<<"0.6.0">>},2},
 {<<"cuttlefish">>,
  {git,"https://github.com/helium/cuttlefish.git",
       {ref,"8672838e8f4ef61602aee6e4ff97ec9be54031dc"}},
  2},
 {<<"dep_http2_client">>,
  {git,"https://github.com/Bluehouse-Technology/http2_client",
       {ref,"8a6faf3ef1e0f3bb480d52d34ef5181258e99302"}},
  2},
 {<<"dkg">>,
  {git,"https://github.com/helium/erlang-dkg.git",
       {ref,"93ed01b6464dcbb6504ba90e43a86656a1dcef90"}},
  0},
 {<<"e2qc">>,
  {git,"https://github.com/helium/e2qc",
       {ref,"d77231471ab93ad38bb6763870917ff9499cdc73"}},
  1},
 {<<"ebus">>,
  {git,"https://github.com/helium/ebus.git",
       {ref,"e10cee3aa66705d05c38412245c5c78c956e8fd2"}},
  0},
 {<<"ecc508">>,
  {git,"https://github.com/helium/ecc508.git",
       {ref,"b4d804b00887ceb75b32b12e46542d15af97a527"}},
  0},
 {<<"ecc_compact">>,{pkg,<<"ecc_compact">>,<<"1.0.5">>},3},
 {<<"elli">>,{pkg,<<"elli">>,<<"3.3.0">>},0},
 {<<"enacl">>,{pkg,<<"enacl">>,<<"1.1.1">>},3},
 {<<"erasure">>,
  {git,"https://github.com/helium/erlang-erasure.git",
       {ref,"c73354ca9914225a825569693dc72db6691d91f1"}},
  1},
 {<<"erbloom">>,
  {git,"https://github.com/Vagabond/erbloom",
       {ref,"8fc2a5aa2454bca3b57047c0b3f79f8d9d219483"}},
  2},
 {<<"erl_angry_purple_tiger">>,
  {git,"https://github.com/helium/erl_angry_purple_tiger.git",
       {ref,"c5476b6639314a75a99400c9dfa7603b24a6d18a"}},
  1},
 {<<"erl_base58">>,{pkg,<<"erl_base58">>,<<"0.0.1">>},1},
 {<<"erlang_ale">>,
  {git,"https://github.com/helium/erlang_ale",
       {ref,"07e10e656693f07a0d577f3651e76e52680c3768"}},
  1},
 {<<"erlang_stats">>,
  {git,"https://github.com/helium/erlang-stats.git",
       {ref,"6afc9a78682d367c9312c64e9f0a5bc5477f2cd8"}},
  1},
 {<<"erlang_tc">>,
  {git,"https://github.com/helium/erlang-tc.git",
       {ref,"f2aa5e1ba9ea3091d6037304e57fa3720102cd55"}},
  1},
 {<<"exor_filter">>,
  {git,"https://github.com/mpope9/exor_filter",
       {ref,"8f875bc5abc838af9ddbf6e7d2af8cc735ad2810"}},
  1},
 {<<"getopt">>,{pkg,<<"getopt">>,<<"1.0.1">>},3},
 {<<"goldrush">>,{pkg,<<"goldrush">>,<<"0.1.9">>},2},
 {<<"gpb">>,{pkg,<<"gpb">>,<<"4.19.2">>},3},
 {<<"gproc">>,{pkg,<<"gproc">>,<<"0.8.0">>},2},
 {<<"grpc_client">>,
  {git,"https://github.com/Bluehouse-Technology/grpc_client.git",
       {ref,"04c24590a23b22ec5bd87e7f4ba92152310a41b6"}},
  1},
 {<<"grpc_lib">>,
  {git,"https://github.com/Bluehouse-Technology/grpc_lib",
       {ref,"a77686b55b60b052d6c7cd927d04dde429bbdabf"}},
  2},
 {<<"grpcbox">>,
  {git,"https://github.com/andymck/grpcbox.git",
       {ref,"fbf689bb9c25fc2943155c891974e1f745ce5ac7"}},
  1},
 {<<"h3">>,
  {git,"https://github.com/helium/erlang-h3.git",
       {ref,"90e1b6ebf93f88702ce8d24d9142833a8401e3ab"}},
  1},
 {<<"hbbft">>,
  {git,"https://github.com/helium/erlang-hbbft.git",
       {ref,"82f37febbd77225a8965869eeac21398f4e26fe0"}},
  0},
 {<<"helium_proto">>,
  {git,"https://github.com/helium/proto.git",
       {ref,"6dc60a9933628c3baf9d2f5386481f20a5d79bb8"}},
  1},
 {<<"hpack">>,{pkg,<<"hpack_erl">>,<<"0.2.3">>},3},
 {<<"inert">>,{pkg,<<"inert">>,<<"1.0.3">>},3},
 {<<"inet_cidr">>,{pkg,<<"erl_cidr">>,<<"1.0.2">>},3},
 {<<"inet_ext">>,
  {git,"https://github.com/benoitc/inet_ext",
       {ref,"e30b65d32711a4b7033fd4ac9b33b3c1c8be8bed"}},
  2},
 {<<"intercept">>,{pkg,<<"intercept">>,<<"1.0.0">>},3},
 {<<"jsonrpc2">>,
  {git,"https://github.com/zuiderkwast/jsonrpc2-erlang",
       {ref,"be47c447aba6b94f52fcc46e544664dbbc6cede0"}},
  0},
 {<<"jsx">>,
  {git,"https://github.com/talentdeficit/jsx.git",
       {ref,"3074d4865b3385a050badf7828ad31490d860df5"}},
  0},
 {<<"kvc">>,
  {git,"https://github.com/etrepum/kvc",
       {ref,"5f482a8db330c4dcb2d456b6135c740b8ff7eebb"}},
  0},
 {<<"lager">>,{pkg,<<"lager">>,<<"3.9.2">>},1},
 {<<"libp2p">>,
  {git,"https://github.com/helium/erlang-libp2p.git",
       {ref,"3ae3ed254d5632ed0d09528c001e5e09814f73e5"}},
  1},
 {<<"libp2p_crypto">>,{pkg,<<"libp2p_crypto">>,<<"1.4.1">>},2},
 {<<"longfi">>,
  {git,"https://github.com/helium/longfi-erlang",
       {ref,"6a787a637475b3d3d0ef76e799ed06cb396050d2"}},
  0},
 {<<"merkerl">>,
  {git,"https://github.com/helium/merkerl.git",
       {ref,"26ddcaf7f3c2c76eebf6f9258822f923ce69cb75"}},
  1},
 {<<"multiaddr">>,{pkg,<<"multiaddr">>,<<"1.1.3">>},3},
 {<<"multihash">>,{pkg,<<"multihash">>,<<"2.1.0">>},3},
 {<<"nat">>,
  {git,"https://github.com/benoitc/erlang-nat",
       {ref,"6136102c176814dd26c11b93ca0ce852b66c4195"}},
  2},
 {<<"procket">>,{pkg,<<"procket">>,<<"0.9.5">>},3},
 {<<"ranch">>,{pkg,<<"ranch">>,<<"1.5.0">>},2},
 {<<"rand_compat">>,{pkg,<<"rand_compat">>,<<"0.0.3">>},3},
 {<<"recon">>,{pkg,<<"recon">>,<<"2.5.1">>},0},
 {<<"relcast">>,
  {git,"https://github.com/helium/relcast.git",
       {ref,"9e40445dcd6440c9a2292d0f227d96a86f3d386b"}},
  2},
 {<<"rocksdb">>,
  {git,"https://gitlab.com/vagabond1/erlang-rocksdb",
       {ref,"e391336db73ca3644050b308d20071fb79667022"}},
  3},
 {<<"sibyl">>,
  {git,"https://github.com/helium/sibyl.git",
       {ref,"757d96cd359c2f181728181e04ad5e2aa221875c"}},
  0},
 {<<"small_ints">>,{pkg,<<"small_ints">>,<<"0.1.0">>},4},
 {<<"splicer">>,{pkg,<<"splicer">>,<<"0.5.4">>},2},
 {<<"throttle">>,{pkg,<<"lambda_throttle">>,<<"0.2.0">>},2},
 {<<"vincenty">>,
  {git,"https://github.com/helium/vincenty",
       {ref,"e33268c2a497f218d65e068ccec42e59ff5be996"}},
  1},
 {<<"xxhash">>,
  {git,"https://github.com/pierreis/erlang-xxhash",
       {ref,"5d222dcb54c9dd8247d4429174126ebda52b0e2d"}},
  1}]}.
[
{pkg_hash,[
 {<<"acceptor_pool">>, <<"43C20D2ACAE35F0C2BCD64F9D2BDE267E459F0F3FD23DAB26485BF518C281B21">>},
 {<<"backoff">>, <<"83B72ED2108BA1EE8F7D1C22E0B4A00CFE3593A67DBC792799E8CCE9F42F796B">>},
 {<<"base32">>, <<"044F6DC95709727CA2176F3E97A41DDAA76B5BC690D3536908618C0CB32616A2">>},
 {<<"base64url">>, <<"F8C7F2DA04CA9A5D0F5F50258F055E1D699F0E8BF4CFDB30B750865368403CF6">>},
 {<<"ctx">>, <<"8FF88B70E6400C4DF90142E7F130625B82086077A45364A78D208ED3ED53C7FE">>},
 {<<"ecc_compact">>, <<"C9696FF16A1D721F2DC8CCD760440B8F45586522974C5C7BD88640822E08AACA">>},
 {<<"elli">>, <<"089218762A7FF3D20AE81C8E911BD0F73EE4EE0ED85454226D1FC6B4FFF3B4F6">>},
 {<<"enacl">>, <<"F65DC64D9BFF2D8A534CB77AEF14DA5E7A2FA148987D87856F79A4745C9C2627">>},
 {<<"erl_base58">>, <<"37710854461D71DF338E73C65776302DB41C4BAB4674D2EC134ED7BCFC7B5552">>},
 {<<"getopt">>, <<"C73A9FA687B217F2FF79F68A3B637711BB1936E712B521D8CE466B29CBF7808A">>},
 {<<"goldrush">>, <<"F06E5D5F1277DA5C413E84D5A2924174182FB108DABB39D5EC548B27424CD106">>},
 {<<"gpb">>, <<"E841A1C5D5B82B6FBADDD2B6968C66AD48B34ADC3B0D974E55CCA653BD28CCC5">>},
 {<<"gproc">>, <<"CEA02C578589C61E5341FCE149EA36CCEF236CC2ECAC8691FBA408E7EA77EC2F">>},
 {<<"hpack">>, <<"17670F83FF984AE6CD74B1C456EDDE906D27FF013740EE4D9EFAA4F1BF999633">>},
 {<<"inert">>, <<"770365B37739C40D8DC016BE355BFE2E428DA7406A7CBBC792A0651354B78225">>},
 {<<"inet_cidr">>, <<"4814A5B78B969A5E069B0CECBB102622AB0C459B690053ED94543CD529915A43">>},
 {<<"intercept">>, <<"1F6C725E6FC070720643BD4D97EE53B1209365C80E520E1F5A1ACB36712A7EB5">>},
 {<<"lager">>, <<"4CAB289120EB24964E3886BD22323CB5FEFE4510C076992A23AD18CF85413D8C">>},
 {<<"libp2p_crypto">>, <<"CB93FE834A53059671C547957C1235C9426E5B7EE91D156AD5D90A9710BF4AF0">>},
 {<<"multiaddr">>, <<"978E58E28F6FACAF428C87AF933612B1E2F3F2775F1794EDA5E831A4EACD2984">>},
 {<<"multihash">>, <<"F084F7C6BEC062F0C0E82AE18CFDC8DAEC8F4FAA4C8E1ACE0B9C676A9323162F">>},
 {<<"procket">>, <<"CE91C00CB3F4D627FB3827F46CE68E6A969EA265DF1AFB349C300A07BE4BB16C">>},
 {<<"ranch">>, <<"F04166F456790FEE2AC1AA05A02745CC75783C2BFB26D39FAF6AEFC9A3D3A58A">>},
 {<<"rand_compat">>, <<"011646BC1F0B0C432FE101B816F25B9BBB74A085713CEE1DAFD2D62E9415EAD3">>},
 {<<"recon">>, <<"430FFA60685AC1EFDFB1FE4C97B8767C92D0D92E6E7C3E8621559BA77598678A">>},
 {<<"small_ints">>, <<"82A824C8794A2DDC73CB5CD00EAD11331DB296521AD16A619C13D668572B868A">>},
 {<<"splicer">>, <<"B221E3D037CAA9993ABB5C11B709026A7371AF4A7164219241EBC3B68ED331F4">>},
 {<<"throttle">>, <<"E881B46D9836AFB70F3E2FA3BE9B0140805BA324ED26AA734FF6C5C1568C6CA7">>}]},
{pkg_hash_ext,[
 {<<"acceptor_pool">>, <<"0CBCD83FDC8B9AD2EEE2067EF8B91A14858A5883CB7CD800E6FCD5803E158788">>},
 {<<"backoff">>, <<"CF0CFFF8995FB20562F822E5CC47D8CCF664C5ECDC26A684CBE85C225F9D7C39">>},
 {<<"base32">>, <<"10A73951D857D8CB1ECEEA8EB96C6941F6A76E105947AD09C2B73977DEE07638">>},
 {<<"base64url">>, <<"F9B3ADD4731A02A9B0410398B475B33E7566A695365237A6BDEE1BB447719F5C">>},
 {<<"ctx">>, <<"A14ED2D1B67723DBEBBE423B28D7615EB0BDCBA6FF28F2D1F1B0A7E1D4AA5FC2">>},
 {<<"ecc_compact">>, <<"3DB649D21AE7FEDF460B4D650B99813B761DD905EED6286420C2B2C7E169A356">>},
 {<<"elli">>, <<"698B13B33D05661DB9FE7EFCBA41B84825A379CCE86E486CF6AFF9285BE0CCF8">>},
 {<<"enacl">>, <<"60D329AC3976008F774E21ABA254671104976D61A792287615BB26816F09EA0F">>},
 {<<"erl_base58">>, <<"41E8EC356C5C5558A45682F61F80725789AE9A11BD1CC7D5C73CDE1E3B546DD2">>},
 {<<"getopt">>, <<"53E1AB83B9CEB65C9672D3E7A35B8092E9BDC9B3EE80721471A161C10C59959C">>},
 {<<"goldrush">>, <<"99CB4128CFFCB3227581E5D4D803D5413FA643F4EB96523F77D9E6937D994CEB">>},
 {<<"gpb">>, <<"3F4CB7F263E94675A598501A6DC96EC17F93ECB28C29BEA3BEA3A71C53A3317A">>},
 {<<"gproc">>, <<"580ADAFA56463B75263EF5A5DF4C86AF321F68694E7786CB057FD805D1E2A7DE">>},
 {<<"hpack">>, <<"06F580167C4B8B8A6429040DF36CC93BBA6D571FAEAEC1B28816523379CBB23A">>},
 {<<"inert">>, <<"EC6462B4BD7085F946BE61AF82DCC08E17ED7894080F00D520EB5009CAC27A24">>},
 {<<"inet_cidr">>, <<"97046492E5C5BE0D8B92CD275980D667A8D28D9E79B2305828E358CC7D30A935">>},
 {<<"intercept">>, <<"FC5F5E26A571637B0B80119FE2F1E83DDDEAC8078BD76279C015474AF432B32E">>},
 {<<"lager">>, <<"7F904D9E87A8CB7E66156ED31768D1C8E26EBA1D54F4BC85B1AA4AC1F6340C28">>},
 {<<"libp2p_crypto">>, <<"A21C278896DA65E31A2C8FE767784F1493289CD956E172E7BA247EAB75207037">>},
 {<<"multiaddr">>, <<"980D3EA5EB0EB2EFC51E3D10953F17447D417C49BD2FCD7FC6A2A42D1F66D5EE">>},
 {<<"multihash">>, <<"E73AD5D0099DBFFB4EE429A78436B605AFE2530ED684AB36BB86733AB65707C8">>},
 {<<"procket">>, <<"1288BBA5EB6F08EA5DF3DDA9E051BDAC8F4B1E50ADCCA5CF4D726E825AD81BED">>},
 {<<"ranch">>, <<"86D40FC42AA47BCB6952DDF1DBFD3DA04B5BA69AFB65C322C99845913250B11F">>},
 {<<"rand_compat">>, <<"CDF7BE2B17308EC245B912C45FE55741F93B6E4F1A24BA6074F7137B0CC09BF4">>},
 {<<"recon">>, <<"5721C6B6D50122D8F68CCCAC712CAA1231F97894BAB779EFF5FF0F886CB44648">>},
 {<<"small_ints">>, <<"00B3BFF6C446711F8EA4EA942056F375E0F13C7983CC3950C6EA1DE014C7C416">>},
 {<<"splicer">>, <<"3FC111BCEC469F4E62B2E7069A2ECFEACB40844D97CAF181D1DD3674EF0919E9">>},
 {<<"throttle">>, <<"3EACFAAC1C2EBD0F17D77D9E96B1029BF07DED4AC233BA38883D70CDF1FFF740">>}]}
].
